
Microsoft Visual Studio Solution File, Format Version 12.00
# Visual Studio 15
Project("{FAE04EC0-301F-11D3-BF4B-00C04F79EFBC}") = "Assembly-CSharp", "Assembly-CSharp.csproj", "{87D4F7CC-DCF7-E993-3C91-D67ED1BCDBCC}"
EndProject
Global
	GlobalSection(SolutionConfigurationPlatforms) = preSolution
		Debug|Any CPU = Debug|Any CPU
		Release|Any CPU = Release|Any CPU
	EndGlobalSection
	GlobalSection(ProjectConfigurationPlatforms) = postSolution
		{87D4F7CC-DCF7-E993-3C91-D67ED1BCDBCC}.Debug|Any CPU.ActiveCfg = Debug|Any CPU
		{87D4F7CC-DCF7-E993-3C91-D67ED1BCDBCC}.Debug|Any CPU.Build.0 = Debug|Any CPU
		{87D4F7CC-DCF7-E993-3C91-D67ED1BCDBCC}.Release|Any CPU.ActiveCfg = Release|Any CPU
		{87D4F7CC-DCF7-E993-3C91-D67ED1BCDBCC}.Release|Any CPU.Build.0 = Release|Any CPU
	EndGlobalSection
	GlobalSection(SolutionProperties) = preSolution
		HideSolutionNode = FALSE
	EndGlobalSection
EndGlobal
